
Microsoft Visual Studio Solution File, Format Version 12.00
# Visual Studio Version 17
VisualStudioVersion = 17.13.35828.75 d17.13
MinimumVisualStudioVersion = 10.0.40219.1
Project("{FAE04EC0-301F-11D3-BF4B-00C04F79EFBC}") = "aspnet-contact-form", "aspnet-contact-form\aspnet-contact-form.csproj", "{ADED3E13-6999-4089-9BF4-5FB72EA5C5F4}"
EndProject
Global
	GlobalSection(SolutionConfigurationPlatforms) = preSolution
		Debug|Any CPU = Debug|Any CPU
		Release|Any CPU = Release|Any CPU
	EndGlobalSection
	GlobalSection(ProjectConfigurationPlatforms) = postSolution
		{ADED3E13-6999-4089-9BF4-5FB72EA5C5F4}.Debug|Any CPU.ActiveCfg = Debug|Any CPU
		{ADED3E13-6999-4089-9BF4-5FB72EA5C5F4}.Debug|Any CPU.Build.0 = Debug|Any CPU
		{ADED3E13-6999-4089-9BF4-5FB72EA5C5F4}.Release|Any CPU.ActiveCfg = Release|Any CPU
		{ADED3E13-6999-4089-9BF4-5FB72EA5C5F4}.Release|Any CPU.Build.0 = Release|Any CPU
	EndGlobalSection
	GlobalSection(SolutionProperties) = preSolution
		HideSolutionNode = FALSE
	EndGlobalSection
	GlobalSection(ExtensibilityGlobals) = postSolution
		SolutionGuid = {0BD5B373-F5F6-498E-BEAE-35F4051AF91B}
	EndGlobalSection
EndGlobal
